
Microsoft Visual Studio Solution File, Format Version 12.00
# Visual Studio 14
VisualStudioVersion = 14.0.25420.1
MinimumVisualStudioVersion = 10.0.40219.1
Project("{8BC9CEB8-8B4A-11D0-8D11-00A0C91BC942}") = "dart_sdl", "dart_sdl\dart_sdl.vcxproj", "{0E3BDBB9-618C-4402-8890-5EFE7F15D231}"
EndProject
Project("{8BC9CEB8-8B4A-11D0-8D11-00A0C91BC942}") = "console-test", "console-test\console-test.vcxproj", "{9B1570C8-A6F7-4589-851F-4E4CEC85EA84}"
EndProject
Project("{8BC9CEB8-8B4A-11D0-8D11-00A0C91BC942}") = "sdl_extension", "sdl_extension_lib\sdl_extension_lib.vcxproj", "{1F829ED0-018F-4C4C-AD9A-A599D5A4F089}"
EndProject
Global
	GlobalSection(SolutionConfigurationPlatforms) = preSolution
		Debug|x64 = Debug|x64
		Debug|x86 = Debug|x86
		Release|x64 = Release|x64
		Release|x86 = Release|x86
	EndGlobalSection
	GlobalSection(ProjectConfigurationPlatforms) = postSolution
		{0E3BDBB9-618C-4402-8890-5EFE7F15D231}.Debug|x64.ActiveCfg = Debug|x64
		{0E3BDBB9-618C-4402-8890-5EFE7F15D231}.Debug|x64.Build.0 = Debug|x64
		{0E3BDBB9-618C-4402-8890-5EFE7F15D231}.Debug|x86.ActiveCfg = Debug|Win32
		{0E3BDBB9-618C-4402-8890-5EFE7F15D231}.Debug|x86.Build.0 = Debug|Win32
		{0E3BDBB9-618C-4402-8890-5EFE7F15D231}.Release|x64.ActiveCfg = Release|x64
		{0E3BDBB9-618C-4402-8890-5EFE7F15D231}.Release|x64.Build.0 = Release|x64
		{0E3BDBB9-618C-4402-8890-5EFE7F15D231}.Release|x86.ActiveCfg = Release|Win32
		{0E3BDBB9-618C-4402-8890-5EFE7F15D231}.Release|x86.Build.0 = Release|Win32
		{9B1570C8-A6F7-4589-851F-4E4CEC85EA84}.Debug|x64.ActiveCfg = Debug|x64
		{9B1570C8-A6F7-4589-851F-4E4CEC85EA84}.Debug|x64.Build.0 = Debug|x64
		{9B1570C8-A6F7-4589-851F-4E4CEC85EA84}.Debug|x86.ActiveCfg = Debug|Win32
		{9B1570C8-A6F7-4589-851F-4E4CEC85EA84}.Debug|x86.Build.0 = Debug|Win32
		{9B1570C8-A6F7-4589-851F-4E4CEC85EA84}.Release|x64.ActiveCfg = Release|x64
		{9B1570C8-A6F7-4589-851F-4E4CEC85EA84}.Release|x64.Build.0 = Release|x64
		{9B1570C8-A6F7-4589-851F-4E4CEC85EA84}.Release|x86.ActiveCfg = Release|Win32
		{9B1570C8-A6F7-4589-851F-4E4CEC85EA84}.Release|x86.Build.0 = Release|Win32
		{1F829ED0-018F-4C4C-AD9A-A599D5A4F089}.Debug|x64.ActiveCfg = Debug|x64
		{1F829ED0-018F-4C4C-AD9A-A599D5A4F089}.Debug|x64.Build.0 = Debug|x64
		{1F829ED0-018F-4C4C-AD9A-A599D5A4F089}.Debug|x86.ActiveCfg = Debug|Win32
		{1F829ED0-018F-4C4C-AD9A-A599D5A4F089}.Debug|x86.Build.0 = Debug|Win32
		{1F829ED0-018F-4C4C-AD9A-A599D5A4F089}.Release|x64.ActiveCfg = Release|x64
		{1F829ED0-018F-4C4C-AD9A-A599D5A4F089}.Release|x64.Build.0 = Release|x64
		{1F829ED0-018F-4C4C-AD9A-A599D5A4F089}.Release|x86.ActiveCfg = Release|Win32
		{1F829ED0-018F-4C4C-AD9A-A599D5A4F089}.Release|x86.Build.0 = Release|Win32
	EndGlobalSection
	GlobalSection(SolutionProperties) = preSolution
		HideSolutionNode = FALSE
	EndGlobalSection
EndGlobal
